
Microsoft Visual Studio Solution File, Format Version 12.00
# Visual Studio Version 17
VisualStudioVersion = 17.10.35027.167
MinimumVisualStudioVersion = 10.0.40219.1
Project("{9A19103F-16F7-4668-BE54-9A1E7A4F7556}") = "aprendizado", "aprendizado\aprendizado.csproj", "{27AFD91B-6F4F-4DAD-B9A5-7948FEAA78CE}"
EndProject
Project("{9A19103F-16F7-4668-BE54-9A1E7A4F7556}") = "AprendizadoCalculadora", "AprendizadoCalculadora\AprendizadoCalculadora.csproj", "{55F7B084-4DAF-4FC1-8A37-A249ED34E76D}"
EndProject
Project("{9A19103F-16F7-4668-BE54-9A1E7A4F7556}") = "StopWatch", "StopWatch\StopWatch.csproj", "{0BB6C509-2553-4A0D-98DF-2B680D1A044B}"
EndProject
Project("{FAE04EC0-301F-11D3-BF4B-00C04F79EFBC}") = "TextEditor", "TextEditor\TextEditor.csproj", "{6E11A85B-B718-4234-94EC-2B15D39E8B31}"
EndProject
Project("{2150E333-8FDC-42A3-9474-1A3956D46DE8}") = "Estudos", "Estudos", "{2DF9F133-78D1-432B-971A-3896600D7507}"
EndProject
Project("{2150E333-8FDC-42A3-9474-1A3956D46DE8}") = "PrimeiroProjeto", "PrimeiroProjeto", "{352F932C-76C2-412A-BB4C-956D3C3F8BA8}"
EndProject
Project("{2150E333-8FDC-42A3-9474-1A3956D46DE8}") = "SegundoProjeto", "SegundoProjeto", "{44750FEC-E719-449F-BE33-F3B0BDFDA260}"
EndProject
Project("{2150E333-8FDC-42A3-9474-1A3956D46DE8}") = "TerceiroProjeto", "TerceiroProjeto", "{0E5CB611-89E3-42CD-8E6D-5A1F709E35A0}"
EndProject
Global
	GlobalSection(SolutionConfigurationPlatforms) = preSolution
		Debug|Any CPU = Debug|Any CPU
		Release|Any CPU = Release|Any CPU
	EndGlobalSection
	GlobalSection(ProjectConfigurationPlatforms) = postSolution
		{27AFD91B-6F4F-4DAD-B9A5-7948FEAA78CE}.Debug|Any CPU.ActiveCfg = Debug|Any CPU
		{27AFD91B-6F4F-4DAD-B9A5-7948FEAA78CE}.Debug|Any CPU.Build.0 = Debug|Any CPU
		{27AFD91B-6F4F-4DAD-B9A5-7948FEAA78CE}.Release|Any CPU.ActiveCfg = Release|Any CPU
		{27AFD91B-6F4F-4DAD-B9A5-7948FEAA78CE}.Release|Any CPU.Build.0 = Release|Any CPU
		{55F7B084-4DAF-4FC1-8A37-A249ED34E76D}.Debug|Any CPU.ActiveCfg = Debug|Any CPU
		{55F7B084-4DAF-4FC1-8A37-A249ED34E76D}.Debug|Any CPU.Build.0 = Debug|Any CPU
		{55F7B084-4DAF-4FC1-8A37-A249ED34E76D}.Release|Any CPU.ActiveCfg = Release|Any CPU
		{55F7B084-4DAF-4FC1-8A37-A249ED34E76D}.Release|Any CPU.Build.0 = Release|Any CPU
		{0BB6C509-2553-4A0D-98DF-2B680D1A044B}.Debug|Any CPU.ActiveCfg = Debug|Any CPU
		{0BB6C509-2553-4A0D-98DF-2B680D1A044B}.Debug|Any CPU.Build.0 = Debug|Any CPU
		{0BB6C509-2553-4A0D-98DF-2B680D1A044B}.Release|Any CPU.ActiveCfg = Release|Any CPU
		{0BB6C509-2553-4A0D-98DF-2B680D1A044B}.Release|Any CPU.Build.0 = Release|Any CPU
		{6E11A85B-B718-4234-94EC-2B15D39E8B31}.Debug|Any CPU.ActiveCfg = Debug|Any CPU
		{6E11A85B-B718-4234-94EC-2B15D39E8B31}.Debug|Any CPU.Build.0 = Debug|Any CPU
		{6E11A85B-B718-4234-94EC-2B15D39E8B31}.Release|Any CPU.ActiveCfg = Release|Any CPU
		{6E11A85B-B718-4234-94EC-2B15D39E8B31}.Release|Any CPU.Build.0 = Release|Any CPU
	EndGlobalSection
	GlobalSection(SolutionProperties) = preSolution
		HideSolutionNode = FALSE
	EndGlobalSection
	GlobalSection(NestedProjects) = preSolution
		{27AFD91B-6F4F-4DAD-B9A5-7948FEAA78CE} = {2DF9F133-78D1-432B-971A-3896600D7507}
		{55F7B084-4DAF-4FC1-8A37-A249ED34E76D} = {352F932C-76C2-412A-BB4C-956D3C3F8BA8}
		{0BB6C509-2553-4A0D-98DF-2B680D1A044B} = {44750FEC-E719-449F-BE33-F3B0BDFDA260}
		{6E11A85B-B718-4234-94EC-2B15D39E8B31} = {0E5CB611-89E3-42CD-8E6D-5A1F709E35A0}
	EndGlobalSection
	GlobalSection(ExtensibilityGlobals) = postSolution
		SolutionGuid = {5C965983-A8AB-4ABE-BB1F-3805B10899CB}
	EndGlobalSection
EndGlobal
